github.com/pleme-io/logging-go v0.1.0 h1:BDkfaBCTdI1LH/TGhLc7nx1gDh86AVrPnBW1R2tw2rA=
github.com/pleme-io/logging-go v0.1.0/go.mod h1:uQe9esFRFAtagiafZiuvNOgjTMgvAytVwCQsvPd3ldc=
github.com/samber/lo v1.53.0 h1:t975lj2py4kJPQ6haz1QMgtId2gtmfktACxIXArw3HM=
github.com/samber/lo v1.53.0/go.mod h1:4+MXEGsJzbKGaUEQFKBq2xtfuznW9oz/WrgyzMzRoM0=
github.com/samber/slog-common v0.21.0 h1:Wo2hTly1Br5RjYqX/BTWJJeDnTE85oWk/7vqlpZuAUc=
github.com/samber/slog-common v0.21.0/go.mod h1:d/6OaSlzdkl9PFpfRLgn8FwY1OW6EFmPtBpsHX4MrU0=
github.com/samber/slog-formatter v1.3.0 h1:dpvLVSX883WSI222gUtEMLRd5ZOlKkmQlkrovdVZ9uA=
github.com/samber/slog-formatter v1.3.0/go.mod h1:9y2j6qgrCpa7B5Kbv/sKp1ak7wJ91tsswp1BHOUSukc=
github.com/samber/slog-multi v1.8.0 h1:E05c1wnQ+8M58oQDBABlJ4TEIJWssNgtckso3zlaLlI=
github.com/samber/slog-multi v1.8.0/go.mod h1:6+3j/ILxDvAcLD75YdQAm6iKWu6AmwlohLgQxL/2aiI=
golang.org/x/text v0.22.0 h1:bofq7m3/HAFvbF51jz3Q9wLg3jkvSPuiZu/pD1XwgtM=
golang.org/x/text v0.22.0/go.mod h1:YRoo4H8PVmsu+E3Ou7cqLVH8oXWIHVoX0jqUWALQhfY=
